
Microsoft Visual Studio Solution File, Format Version 12.00
# Visual Studio Version 17
VisualStudioVersion = 17.0.31825.309
MinimumVisualStudioVersion = 10.0.40219.1
Project("{9A19103F-16F7-4668-BE54-9A1E7A4F7556}") = "FactoryMethod", "Creational\FactoryMethod\FactoryMethod.csproj", "{E2218EDC-0E31-440D-BAAB-8ABF7533E2FC}"
EndProject
Project("{2150E333-8FDC-42A3-9474-1A3956D46DE8}") = "Creational", "Creational", "{1AEE1925-A64B-4F09-88AD-2B68FDE8816D}"
EndProject
Project("{FAE04EC0-301F-11D3-BF4B-00C04F79EFBC}") = "AbstractFactory", "Creational\AbstractFactory\AbstractFactory.csproj", "{F53A9897-6159-4C82-9521-1B8559709A21}"
EndProject
Project("{FAE04EC0-301F-11D3-BF4B-00C04F79EFBC}") = "Builder", "Creational\Builder\Builder.csproj", "{2E1D699B-8A7A-4A05-9C0F-B08793ECE4D1}"
EndProject
Project("{FAE04EC0-301F-11D3-BF4B-00C04F79EFBC}") = "Prototype", "Creational\Prototype\Prototype.csproj", "{59EA3DC1-A40A-46D4-9042-84AA19EA92F8}"
EndProject
Project("{FAE04EC0-301F-11D3-BF4B-00C04F79EFBC}") = "Singleton", "Creational\Singleton\Singleton.csproj", "{875B17A1-9FC8-4B6F-8945-F2AFF44FC318}"
EndProject
Project("{2150E333-8FDC-42A3-9474-1A3956D46DE8}") = "Structural", "Structural", "{36E5C890-1E28-4AA7-B84C-92264C401BB7}"
EndProject
Project("{FAE04EC0-301F-11D3-BF4B-00C04F79EFBC}") = "Adapter", "Structural\Adapter\Adapter.csproj", "{E37B27D1-A976-4FC3-B4BF-07E0C07E9D75}"
EndProject
Project("{FAE04EC0-301F-11D3-BF4B-00C04F79EFBC}") = "Bridge", "Structural\Bridge\Bridge.csproj", "{D6BD1AFB-8E46-4493-ADF2-AB08A3F78085}"
EndProject
Project("{FAE04EC0-301F-11D3-BF4B-00C04F79EFBC}") = "Composite", "Structural\Composite\Composite.csproj", "{5C96F34C-955E-45E5-9DE7-C29A90207053}"
EndProject
Project("{FAE04EC0-301F-11D3-BF4B-00C04F79EFBC}") = "Decorator", "Structural\Decorator\Decorator.csproj", "{7C59888E-F526-4BAE-B318-6C1D1E05080C}"
EndProject
Project("{FAE04EC0-301F-11D3-BF4B-00C04F79EFBC}") = "Facade", "Structural\Facade\Facade.csproj", "{EE252F47-3A39-4A5F-A38A-C89E4F3502F9}"
EndProject
Project("{FAE04EC0-301F-11D3-BF4B-00C04F79EFBC}") = "Flyweight", "Structural\Flyweight\Flyweight.csproj", "{D3836E68-175D-4184-B316-81559480ADA9}"
EndProject
Project("{FAE04EC0-301F-11D3-BF4B-00C04F79EFBC}") = "Proxy", "Structural\Proxy\Proxy.csproj", "{A5006CE6-1BDE-4B5B-A3E9-7F5977519E2A}"
EndProject
Project("{2150E333-8FDC-42A3-9474-1A3956D46DE8}") = "Behavioral", "Behavioral", "{3873FBED-39BC-4FA8-B4ED-A99BCF4757E9}"
EndProject
Project("{FAE04EC0-301F-11D3-BF4B-00C04F79EFBC}") = "ChainOfResponsibility", "Behavioral\ChainOfResponsibility\ChainOfResponsibility.csproj", "{78DDD649-6187-46DA-B90E-0BBE022648E8}"
EndProject
Project("{FAE04EC0-301F-11D3-BF4B-00C04F79EFBC}") = "Command", "Behavioral\Command\Command.csproj", "{F662F91C-CFA2-41BE-9042-D805EB1A33A4}"
EndProject
Project("{FAE04EC0-301F-11D3-BF4B-00C04F79EFBC}") = "Interpreter", "Behavioral\Interpreter\Interpreter.csproj", "{621E4B8D-E56E-4B94-A74B-7ABE4B63FEA1}"
EndProject
Project("{FAE04EC0-301F-11D3-BF4B-00C04F79EFBC}") = "Iterator", "Behavioral\Iterator\Iterator.csproj", "{F022E5B0-1829-4C72-93D7-5E2792A3579B}"
EndProject
Project("{FAE04EC0-301F-11D3-BF4B-00C04F79EFBC}") = "Mediator", "Behavioral\Mediator\Mediator.csproj", "{6F1839C3-C8A8-4E66-BB3B-5EBAD90186D5}"
EndProject
Project("{FAE04EC0-301F-11D3-BF4B-00C04F79EFBC}") = "Memento", "Behavioral\Memento\Memento.csproj", "{A8F1D9DA-05A6-4A69-A77E-8686DCF1A8D6}"
EndProject
Project("{FAE04EC0-301F-11D3-BF4B-00C04F79EFBC}") = "Observer", "Behavioral\Observer\Observer.csproj", "{6F31AC37-374C-476A-96E9-976B65E7F8B9}"
EndProject
Project("{FAE04EC0-301F-11D3-BF4B-00C04F79EFBC}") = "State", "Behavioral\State\State.csproj", "{503C9677-508A-449A-94FB-160214805C91}"
EndProject
Project("{FAE04EC0-301F-11D3-BF4B-00C04F79EFBC}") = "Strategy", "Behavioral\Strategy\Strategy.csproj", "{24BC3686-67E8-4FE4-B747-78A4647858D4}"
EndProject
Project("{FAE04EC0-301F-11D3-BF4B-00C04F79EFBC}") = "TemplateMethod", "Behavioral\TemplateMethod\TemplateMethod.csproj", "{241266C1-867C-4EAA-A271-F5950FEA9FF0}"
EndProject
Project("{FAE04EC0-301F-11D3-BF4B-00C04F79EFBC}") = "Visitor", "Behavioral\Visitor\Visitor.csproj", "{3C1861D7-E88B-48BA-8260-9F72B8130C9B}"
EndProject
Global
	GlobalSection(SolutionConfigurationPlatforms) = preSolution
		Debug|Any CPU = Debug|Any CPU
		Release|Any CPU = Release|Any CPU
	EndGlobalSection
	GlobalSection(ProjectConfigurationPlatforms) = postSolution
		{E2218EDC-0E31-440D-BAAB-8ABF7533E2FC}.Debug|Any CPU.ActiveCfg = Debug|Any CPU
		{E2218EDC-0E31-440D-BAAB-8ABF7533E2FC}.Debug|Any CPU.Build.0 = Debug|Any CPU
		{E2218EDC-0E31-440D-BAAB-8ABF7533E2FC}.Release|Any CPU.ActiveCfg = Release|Any CPU
		{E2218EDC-0E31-440D-BAAB-8ABF7533E2FC}.Release|Any CPU.Build.0 = Release|Any CPU
		{F53A9897-6159-4C82-9521-1B8559709A21}.Debug|Any CPU.ActiveCfg = Debug|Any CPU
		{F53A9897-6159-4C82-9521-1B8559709A21}.Debug|Any CPU.Build.0 = Debug|Any CPU
		{F53A9897-6159-4C82-9521-1B8559709A21}.Release|Any CPU.ActiveCfg = Release|Any CPU
		{F53A9897-6159-4C82-9521-1B8559709A21}.Release|Any CPU.Build.0 = Release|Any CPU
		{2E1D699B-8A7A-4A05-9C0F-B08793ECE4D1}.Debug|Any CPU.ActiveCfg = Debug|Any CPU
		{2E1D699B-8A7A-4A05-9C0F-B08793ECE4D1}.Debug|Any CPU.Build.0 = Debug|Any CPU
		{2E1D699B-8A7A-4A05-9C0F-B08793ECE4D1}.Release|Any CPU.ActiveCfg = Release|Any CPU
		{2E1D699B-8A7A-4A05-9C0F-B08793ECE4D1}.Release|Any CPU.Build.0 = Release|Any CPU
		{59EA3DC1-A40A-46D4-9042-84AA19EA92F8}.Debug|Any CPU.ActiveCfg = Debug|Any CPU
		{59EA3DC1-A40A-46D4-9042-84AA19EA92F8}.Debug|Any CPU.Build.0 = Debug|Any CPU
		{59EA3DC1-A40A-46D4-9042-84AA19EA92F8}.Release|Any CPU.ActiveCfg = Release|Any CPU
		{59EA3DC1-A40A-46D4-9042-84AA19EA92F8}.Release|Any CPU.Build.0 = Release|Any CPU
		{875B17A1-9FC8-4B6F-8945-F2AFF44FC318}.Debug|Any CPU.ActiveCfg = Debug|Any CPU
		{875B17A1-9FC8-4B6F-8945-F2AFF44FC318}.Debug|Any CPU.Build.0 = Debug|Any CPU
		{875B17A1-9FC8-4B6F-8945-F2AFF44FC318}.Release|Any CPU.ActiveCfg = Release|Any CPU
		{875B17A1-9FC8-4B6F-8945-F2AFF44FC318}.Release|Any CPU.Build.0 = Release|Any CPU
		{E37B27D1-A976-4FC3-B4BF-07E0C07E9D75}.Debug|Any CPU.ActiveCfg = Debug|Any CPU
		{E37B27D1-A976-4FC3-B4BF-07E0C07E9D75}.Debug|Any CPU.Build.0 = Debug|Any CPU
		{E37B27D1-A976-4FC3-B4BF-07E0C07E9D75}.Release|Any CPU.ActiveCfg = Release|Any CPU
		{E37B27D1-A976-4FC3-B4BF-07E0C07E9D75}.Release|Any CPU.Build.0 = Release|Any CPU
		{D6BD1AFB-8E46-4493-ADF2-AB08A3F78085}.Debug|Any CPU.ActiveCfg = Debug|Any CPU
		{D6BD1AFB-8E46-4493-ADF2-AB08A3F78085}.Debug|Any CPU.Build.0 = Debug|Any CPU
		{D6BD1AFB-8E46-4493-ADF2-AB08A3F78085}.Release|Any CPU.ActiveCfg = Release|Any CPU
		{D6BD1AFB-8E46-4493-ADF2-AB08A3F78085}.Release|Any CPU.Build.0 = Release|Any CPU
		{5C96F34C-955E-45E5-9DE7-C29A90207053}.Debug|Any CPU.ActiveCfg = Debug|Any CPU
		{5C96F34C-955E-45E5-9DE7-C29A90207053}.Debug|Any CPU.Build.0 = Debug|Any CPU
		{5C96F34C-955E-45E5-9DE7-C29A90207053}.Release|Any CPU.ActiveCfg = Release|Any CPU
		{5C96F34C-955E-45E5-9DE7-C29A90207053}.Release|Any CPU.Build.0 = Release|Any CPU
		{7C59888E-F526-4BAE-B318-6C1D1E05080C}.Debug|Any CPU.ActiveCfg = Debug|Any CPU
		{7C59888E-F526-4BAE-B318-6C1D1E05080C}.Debug|Any CPU.Build.0 = Debug|Any CPU
		{7C59888E-F526-4BAE-B318-6C1D1E05080C}.Release|Any CPU.ActiveCfg = Release|Any CPU
		{7C59888E-F526-4BAE-B318-6C1D1E05080C}.Release|Any CPU.Build.0 = Release|Any CPU
		{EE252F47-3A39-4A5F-A38A-C89E4F3502F9}.Debug|Any CPU.ActiveCfg = Debug|Any CPU
		{EE252F47-3A39-4A5F-A38A-C89E4F3502F9}.Debug|Any CPU.Build.0 = Debug|Any CPU
		{EE252F47-3A39-4A5F-A38A-C89E4F3502F9}.Release|Any CPU.ActiveCfg = Release|Any CPU
		{EE252F47-3A39-4A5F-A38A-C89E4F3502F9}.Release|Any CPU.Build.0 = Release|Any CPU
		{D3836E68-175D-4184-B316-81559480ADA9}.Debug|Any CPU.ActiveCfg = Debug|Any CPU
		{D3836E68-175D-4184-B316-81559480ADA9}.Debug|Any CPU.Build.0 = Debug|Any CPU
		{D3836E68-175D-4184-B316-81559480ADA9}.Release|Any CPU.ActiveCfg = Release|Any CPU
		{D3836E68-175D-4184-B316-81559480ADA9}.Release|Any CPU.Build.0 = Release|Any CPU
		{A5006CE6-1BDE-4B5B-A3E9-7F5977519E2A}.Debug|Any CPU.ActiveCfg = Debug|Any CPU
		{A5006CE6-1BDE-4B5B-A3E9-7F5977519E2A}.Debug|Any CPU.Build.0 = Debug|Any CPU
		{A5006CE6-1BDE-4B5B-A3E9-7F5977519E2A}.Release|Any CPU.ActiveCfg = Release|Any CPU
		{A5006CE6-1BDE-4B5B-A3E9-7F5977519E2A}.Release|Any CPU.Build.0 = Release|Any CPU
		{78DDD649-6187-46DA-B90E-0BBE022648E8}.Debug|Any CPU.ActiveCfg = Debug|Any CPU
		{78DDD649-6187-46DA-B90E-0BBE022648E8}.Debug|Any CPU.Build.0 = Debug|Any CPU
		{78DDD649-6187-46DA-B90E-0BBE022648E8}.Release|Any CPU.ActiveCfg = Release|Any CPU
		{78DDD649-6187-46DA-B90E-0BBE022648E8}.Release|Any CPU.Build.0 = Release|Any CPU
		{F662F91C-CFA2-41BE-9042-D805EB1A33A4}.Debug|Any CPU.ActiveCfg = Debug|Any CPU
		{F662F91C-CFA2-41BE-9042-D805EB1A33A4}.Debug|Any CPU.Build.0 = Debug|Any CPU
		{F662F91C-CFA2-41BE-9042-D805EB1A33A4}.Release|Any CPU.ActiveCfg = Release|Any CPU
		{F662F91C-CFA2-41BE-9042-D805EB1A33A4}.Release|Any CPU.Build.0 = Release|Any CPU
		{621E4B8D-E56E-4B94-A74B-7ABE4B63FEA1}.Debug|Any CPU.ActiveCfg = Debug|Any CPU
		{621E4B8D-E56E-4B94-A74B-7ABE4B63FEA1}.Debug|Any CPU.Build.0 = Debug|Any CPU
		{621E4B8D-E56E-4B94-A74B-7ABE4B63FEA1}.Release|Any CPU.ActiveCfg = Release|Any CPU
		{621E4B8D-E56E-4B94-A74B-7ABE4B63FEA1}.Release|Any CPU.Build.0 = Release|Any CPU
		{F022E5B0-1829-4C72-93D7-5E2792A3579B}.Debug|Any CPU.ActiveCfg = Debug|Any CPU
		{F022E5B0-1829-4C72-93D7-5E2792A3579B}.Debug|Any CPU.Build.0 = Debug|Any CPU
		{F022E5B0-1829-4C72-93D7-5E2792A3579B}.Release|Any CPU.ActiveCfg = Release|Any CPU
		{F022E5B0-1829-4C72-93D7-5E2792A3579B}.Release|Any CPU.Build.0 = Release|Any CPU
		{6F1839C3-C8A8-4E66-BB3B-5EBAD90186D5}.Debug|Any CPU.ActiveCfg = Debug|Any CPU
		{6F1839C3-C8A8-4E66-BB3B-5EBAD90186D5}.Debug|Any CPU.Build.0 = Debug|Any CPU
		{6F1839C3-C8A8-4E66-BB3B-5EBAD90186D5}.Release|Any CPU.ActiveCfg = Release|Any CPU
		{6F1839C3-C8A8-4E66-BB3B-5EBAD90186D5}.Release|Any CPU.Build.0 = Release|Any CPU
		{A8F1D9DA-05A6-4A69-A77E-8686DCF1A8D6}.Debug|Any CPU.ActiveCfg = Debug|Any CPU
		{A8F1D9DA-05A6-4A69-A77E-8686DCF1A8D6}.Debug|Any CPU.Build.0 = Debug|Any CPU
		{A8F1D9DA-05A6-4A69-A77E-8686DCF1A8D6}.Release|Any CPU.ActiveCfg = Release|Any CPU
		{A8F1D9DA-05A6-4A69-A77E-8686DCF1A8D6}.Release|Any CPU.Build.0 = Release|Any CPU
		{6F31AC37-374C-476A-96E9-976B65E7F8B9}.Debug|Any CPU.ActiveCfg = Debug|Any CPU
		{6F31AC37-374C-476A-96E9-976B65E7F8B9}.Debug|Any CPU.Build.0 = Debug|Any CPU
		{6F31AC37-374C-476A-96E9-976B65E7F8B9}.Release|Any CPU.ActiveCfg = Release|Any CPU
		{6F31AC37-374C-476A-96E9-976B65E7F8B9}.Release|Any CPU.Build.0 = Release|Any CPU
		{503C9677-508A-449A-94FB-160214805C91}.Debug|Any CPU.ActiveCfg = Debug|Any CPU
		{503C9677-508A-449A-94FB-160214805C91}.Debug|Any CPU.Build.0 = Debug|Any CPU
		{503C9677-508A-449A-94FB-160214805C91}.Release|Any CPU.ActiveCfg = Release|Any CPU
		{503C9677-508A-449A-94FB-160214805C91}.Release|Any CPU.Build.0 = Release|Any CPU
		{24BC3686-67E8-4FE4-B747-78A4647858D4}.Debug|Any CPU.ActiveCfg = Debug|Any CPU
		{24BC3686-67E8-4FE4-B747-78A4647858D4}.Debug|Any CPU.Build.0 = Debug|Any CPU
		{24BC3686-67E8-4FE4-B747-78A4647858D4}.Release|Any CPU.ActiveCfg = Release|Any CPU
		{24BC3686-67E8-4FE4-B747-78A4647858D4}.Release|Any CPU.Build.0 = Release|Any CPU
		{241266C1-867C-4EAA-A271-F5950FEA9FF0}.Debug|Any CPU.ActiveCfg = Debug|Any CPU
		{241266C1-867C-4EAA-A271-F5950FEA9FF0}.Debug|Any CPU.Build.0 = Debug|Any CPU
		{241266C1-867C-4EAA-A271-F5950FEA9FF0}.Release|Any CPU.ActiveCfg = Release|Any CPU
		{241266C1-867C-4EAA-A271-F5950FEA9FF0}.Release|Any CPU.Build.0 = Release|Any CPU
		{3C1861D7-E88B-48BA-8260-9F72B8130C9B}.Debug|Any CPU.ActiveCfg = Debug|Any CPU
		{3C1861D7-E88B-48BA-8260-9F72B8130C9B}.Debug|Any CPU.Build.0 = Debug|Any CPU
		{3C1861D7-E88B-48BA-8260-9F72B8130C9B}.Release|Any CPU.ActiveCfg = Release|Any CPU
		{3C1861D7-E88B-48BA-8260-9F72B8130C9B}.Release|Any CPU.Build.0 = Release|Any CPU
	EndGlobalSection
	GlobalSection(SolutionProperties) = preSolution
		HideSolutionNode = FALSE
	EndGlobalSection
	GlobalSection(NestedProjects) = preSolution
		{E2218EDC-0E31-440D-BAAB-8ABF7533E2FC} = {1AEE1925-A64B-4F09-88AD-2B68FDE8816D}
		{F53A9897-6159-4C82-9521-1B8559709A21} = {1AEE1925-A64B-4F09-88AD-2B68FDE8816D}
		{2E1D699B-8A7A-4A05-9C0F-B08793ECE4D1} = {1AEE1925-A64B-4F09-88AD-2B68FDE8816D}
		{59EA3DC1-A40A-46D4-9042-84AA19EA92F8} = {1AEE1925-A64B-4F09-88AD-2B68FDE8816D}
		{875B17A1-9FC8-4B6F-8945-F2AFF44FC318} = {1AEE1925-A64B-4F09-88AD-2B68FDE8816D}
		{E37B27D1-A976-4FC3-B4BF-07E0C07E9D75} = {36E5C890-1E28-4AA7-B84C-92264C401BB7}
		{D6BD1AFB-8E46-4493-ADF2-AB08A3F78085} = {36E5C890-1E28-4AA7-B84C-92264C401BB7}
		{5C96F34C-955E-45E5-9DE7-C29A90207053} = {36E5C890-1E28-4AA7-B84C-92264C401BB7}
		{7C59888E-F526-4BAE-B318-6C1D1E05080C} = {36E5C890-1E28-4AA7-B84C-92264C401BB7}
		{EE252F47-3A39-4A5F-A38A-C89E4F3502F9} = {36E5C890-1E28-4AA7-B84C-92264C401BB7}
		{D3836E68-175D-4184-B316-81559480ADA9} = {36E5C890-1E28-4AA7-B84C-92264C401BB7}
		{A5006CE6-1BDE-4B5B-A3E9-7F5977519E2A} = {36E5C890-1E28-4AA7-B84C-92264C401BB7}
		{78DDD649-6187-46DA-B90E-0BBE022648E8} = {3873FBED-39BC-4FA8-B4ED-A99BCF4757E9}
		{F662F91C-CFA2-41BE-9042-D805EB1A33A4} = {3873FBED-39BC-4FA8-B4ED-A99BCF4757E9}
		{621E4B8D-E56E-4B94-A74B-7ABE4B63FEA1} = {3873FBED-39BC-4FA8-B4ED-A99BCF4757E9}
		{F022E5B0-1829-4C72-93D7-5E2792A3579B} = {3873FBED-39BC-4FA8-B4ED-A99BCF4757E9}
		{6F1839C3-C8A8-4E66-BB3B-5EBAD90186D5} = {3873FBED-39BC-4FA8-B4ED-A99BCF4757E9}
		{A8F1D9DA-05A6-4A69-A77E-8686DCF1A8D6} = {3873FBED-39BC-4FA8-B4ED-A99BCF4757E9}
		{6F31AC37-374C-476A-96E9-976B65E7F8B9} = {3873FBED-39BC-4FA8-B4ED-A99BCF4757E9}
		{503C9677-508A-449A-94FB-160214805C91} = {3873FBED-39BC-4FA8-B4ED-A99BCF4757E9}
		{24BC3686-67E8-4FE4-B747-78A4647858D4} = {3873FBED-39BC-4FA8-B4ED-A99BCF4757E9}
		{241266C1-867C-4EAA-A271-F5950FEA9FF0} = {3873FBED-39BC-4FA8-B4ED-A99BCF4757E9}
		{3C1861D7-E88B-48BA-8260-9F72B8130C9B} = {3873FBED-39BC-4FA8-B4ED-A99BCF4757E9}
	EndGlobalSection
	GlobalSection(ExtensibilityGlobals) = postSolution
		SolutionGuid = {DE994038-A1E8-4E82-949C-9422098E2E90}
	EndGlobalSection
EndGlobal
